
Microsoft Visual Studio Solution File, Format Version 12.00
# Visual Studio Version 17
VisualStudioVersion = 17.2.32602.215
MinimumVisualStudioVersion = 10.0.40219.1
Project("{FAE04EC0-301F-11D3-BF4B-00C04F79EFBC}") = "OptiNorthOne.Web", "OptiNorthOne.Web\OptiNorthOne.Web.csproj", "{CF39282A-B39C-47C0-A66E-1D2779DDED3F}"
EndProject
Global
	GlobalSection(SolutionConfigurationPlatforms) = preSolution
		Debug|Any CPU = Debug|Any CPU
		Release|Any CPU = Release|Any CPU
	EndGlobalSection
	GlobalSection(ProjectConfigurationPlatforms) = postSolution
		{CF39282A-B39C-47C0-A66E-1D2779DDED3F}.Debug|Any CPU.ActiveCfg = Debug|Any CPU
		{CF39282A-B39C-47C0-A66E-1D2779DDED3F}.Debug|Any CPU.Build.0 = Debug|Any CPU
		{CF39282A-B39C-47C0-A66E-1D2779DDED3F}.Release|Any CPU.ActiveCfg = Release|Any CPU
		{CF39282A-B39C-47C0-A66E-1D2779DDED3F}.Release|Any CPU.Build.0 = Release|Any CPU
	EndGlobalSection
	GlobalSection(SolutionProperties) = preSolution
		HideSolutionNode = FALSE
	EndGlobalSection
	GlobalSection(ExtensibilityGlobals) = postSolution
		SolutionGuid = {AAF5E7C3-720A-4405-9E1A-55C4D654B79C}
	EndGlobalSection
EndGlobal
